github.com/pkg/errors v0.9.1 h1:FEBLx1zS214owpjy7qsBeixbURkuhQAwrK5UwLGTwt4=
github.com/pkg/errors v0.9.1/go.mod h1:bwawxfHBFNV+L2hUp1rHADufV3IMtnDRdf1r5NINEl0=
zgo.at/ztest v0.0.0-20200316134318-cfad86d80b41 h1:2vR+4hRs2YI2Lcm68AjHLSOHxQy/3XJ/b2nCV/dCrxs=
zgo.at/ztest v0.0.0-20200316134318-cfad86d80b41/go.mod h1:xGKONSdBgBNBcHRbi+yY9xFSre7ip8gRsQBS9QW/J2I=
