github.com/google/go-cmp v0.3.1/go.mod h1:8QqcDgzrUqlUb/G2PQTWiueGozuR1884gddMywk6iLU=
github.com/pkg/errors v0.8.0 h1:WdK/asTD0HN+q6hsWO3/vpuAkAr+tw6aNJNDFFf0+qw=
github.com/pkg/errors v0.8.0/go.mod h1:bwawxfHBFNV+L2hUp1rHADufV3IMtnDRdf1r5NINEl0=
zgo.at/ztest v0.0.0-20191016022435-f3e360521191 h1:OWHdZobQysBEpa01t+/xOeMO0ZrsI6viJa+4nLILJGI=
zgo.at/ztest v0.0.0-20191016022435-f3e360521191/go.mod h1:iTxcAVkHLq73Qnd+a8rlwc6Ayrk8sbnJPsGeapG/y0Q=
